
Microsoft Visual Studio Solution File, Format Version 12.00
# Visual Studio Version 16
VisualStudioVersion = 16.0.32802.440
MinimumVisualStudioVersion = 10.0.40219.1
Project("{FAE04EC0-301F-11D3-BF4B-00C04F79EFBC}") = "N-Puzzle", "N-Puzzle\N-Puzzle.csproj", "{DA4882F4-0C26-4A1A-95DB-834EE4EE5E26}"
EndProject
Global
	GlobalSection(SolutionConfigurationPlatforms) = preSolution
		Debug|Any CPU = Debug|Any CPU
		Release|Any CPU = Release|Any CPU
	EndGlobalSection
	GlobalSection(ProjectConfigurationPlatforms) = postSolution
		{DA4882F4-0C26-4A1A-95DB-834EE4EE5E26}.Debug|Any CPU.ActiveCfg = Debug|Any CPU
		{DA4882F4-0C26-4A1A-95DB-834EE4EE5E26}.Debug|Any CPU.Build.0 = Debug|Any CPU
		{DA4882F4-0C26-4A1A-95DB-834EE4EE5E26}.Release|Any CPU.ActiveCfg = Release|Any CPU
		{DA4882F4-0C26-4A1A-95DB-834EE4EE5E26}.Release|Any CPU.Build.0 = Release|Any CPU
	EndGlobalSection
	GlobalSection(SolutionProperties) = preSolution
		HideSolutionNode = FALSE
	EndGlobalSection
	GlobalSection(ExtensibilityGlobals) = postSolution
		SolutionGuid = {DAE92D72-BDEC-4344-AFC5-E08D7974D869}
	EndGlobalSection
EndGlobal
